// !$*UTF8*$!
{
	archiveVersion = 1;
	classes = {
	};
	objectVersion = 50;
	objects = {

/* Begin PBXBuildFile section */
		795130B220C877D500ACE6E3 /* main.swift in Sources */ = {isa = PBXBuildFile; fileRef = 795130B120C877D500ACE6E3 /* main.swift */; };
		795130B920C8782000ACE6E3 /* VM.swift in Sources */ = {isa = PBXBuildFile; fileRef = 795130B820C8782000ACE6E3 /* VM.swift */; };
		795130BB20C8783200ACE6E3 /* support.swift in Sources */ = {isa = PBXBuildFile; fileRef = 795130BA20C8783200ACE6E3 /* support.swift */; };
		795130BD20C8786500ACE6E3 /* assembler.swift in Sources */ = {isa = PBXBuildFile; fileRef = 795130BC20C8786500ACE6E3 /* assembler.swift */; };
		795130BF20C88A7E00ACE6E3 /* tokenStuff.swift in Sources */ = {isa = PBXBuildFile; fileRef = 795130BE20C88A7E00ACE6E3 /* tokenStuff.swift */; };
		795130C120C89D2900ACE6E3 /* tokenizer.swift in Sources */ = {isa = PBXBuildFile; fileRef = 795130C020C89D2900ACE6E3 /* tokenizer.swift */; };
		79B2687A20CEBEFE00052520 /* debugger.swift in Sources */ = {isa = PBXBuildFile; fileRef = 79B2687920CEBEFE00052520 /* debugger.swift */; };
		79E7765F20CC578400C51F3C /* assemblerStuff.swift in Sources */ = {isa = PBXBuildFile; fileRef = 79E7765E20CC578400C51F3C /* assemblerStuff.swift */; };
/* End PBXBuildFile section */

/* Begin PBXCopyFilesBuildPhase section */
		795130AC20C877D500ACE6E3 /* CopyFiles */ = {
			isa = PBXCopyFilesBuildPhase;
			buildActionMask = 2147483647;
			dstPath = /usr/share/man/man1/;
			dstSubfolderSpec = 0;
			files = (
			);
			runOnlyForDeploymentPostprocessing = 1;
		};
/* End PBXCopyFilesBuildPhase section */

/* Begin PBXFileReference section */
		795130AE20C877D500ACE6E3 /* SAP4real$ */ = {isa = PBXFileReference; explicitFileType = "compiled.mach-o.executable"; includeInIndex = 0; path = SAP4real$; sourceTree = BUILT_PRODUCTS_DIR; };
		795130B120C877D500ACE6E3 /* main.swift */ = {isa = PBXFileReference; lastKnownFileType = sourcecode.swift; path = main.swift; sourceTree = "<group>"; };
		795130B820C8782000ACE6E3 /* VM.swift */ = {isa = PBXFileReference; lastKnownFileType = sourcecode.swift; path = VM.swift; sourceTree = "<group>"; };
		795130BA20C8783200ACE6E3 /* support.swift */ = {isa = PBXFileReference; lastKnownFileType = sourcecode.swift; path = support.swift; sourceTree = "<group>"; };
		795130BC20C8786500ACE6E3 /* assembler.swift */ = {isa = PBXFileReference; lastKnownFileType = sourcecode.swift; path = assembler.swift; sourceTree = "<group>"; };
		795130BE20C88A7E00ACE6E3 /* tokenStuff.swift */ = {isa = PBXFileReference; lastKnownFileType = sourcecode.swift; path = tokenStuff.swift; sourceTree = "<group>"; };
		795130C020C89D2900ACE6E3 /* tokenizer.swift */ = {isa = PBXFileReference; lastKnownFileType = sourcecode.swift; path = tokenizer.swift; sourceTree = "<group>"; };
		79B2687920CEBEFE00052520 /* debugger.swift */ = {isa = PBXFileReference; lastKnownFileType = sourcecode.swift; path = debugger.swift; sourceTree = "<group>"; };
		79E7765E20CC578400C51F3C /* assemblerStuff.swift */ = {isa = PBXFileReference; lastKnownFileType = sourcecode.swift; path = assemblerStuff.swift; sourceTree = "<group>"; };
/* End PBXFileReference section */

/* Begin PBXFrameworksBuildPhase section */
		795130AB20C877D500ACE6E3 /* Frameworks */ = {
			isa = PBXFrameworksBuildPhase;
			buildActionMask = 2147483647;
			files = (
			);
			runOnlyForDeploymentPostprocessing = 0;
		};
/* End PBXFrameworksBuildPhase section */

/* Begin PBXGroup section */
		795130A520C877D500ACE6E3 = {
			isa = PBXGroup;
			children = (
				795130B020C877D500ACE6E3 /* SAP4real$ */,
				795130AF20C877D500ACE6E3 /* Products */,
			);
			sourceTree = "<group>";
		};
		795130AF20C877D500ACE6E3 /* Products */ = {
			isa = PBXGroup;
			children = (
				795130AE20C877D500ACE6E3 /* SAP4real$ */,
			);
			name = Products;
			sourceTree = "<group>";
		};
		795130B020C877D500ACE6E3 /* SAP4real$ */ = {
			isa = PBXGroup;
			children = (
				795130B120C877D500ACE6E3 /* main.swift */,
				795130C020C89D2900ACE6E3 /* tokenizer.swift */,
				795130BC20C8786500ACE6E3 /* assembler.swift */,
				79E7765E20CC578400C51F3C /* assemblerStuff.swift */,
				795130B820C8782000ACE6E3 /* VM.swift */,
				795130BA20C8783200ACE6E3 /* support.swift */,
				795130BE20C88A7E00ACE6E3 /* tokenStuff.swift */,
				79B2687920CEBEFE00052520 /* debugger.swift */,
			);
			path = SAP4real$;
			sourceTree = "<group>";
		};
/* End PBXGroup section */

/* Begin PBXNativeTarget section */
		795130AD20C877D500ACE6E3 /* SAP4real$ */ = {
			isa = PBXNativeTarget;
			buildConfigurationList = 795130B520C877D500ACE6E3 /* Build configuration list for PBXNativeTarget "SAP4real$" */;
			buildPhases = (
				795130AA20C877D500ACE6E3 /* Sources */,
				795130AB20C877D500ACE6E3 /* Frameworks */,
				795130AC20C877D500ACE6E3 /* CopyFiles */,
			);
			buildRules = (
			);
			dependencies = (
			);
			name = SAP4real$;
			productName = SAP4real$;
			productReference = 795130AE20C877D500ACE6E3 /* SAP4real$ */;
			productType = "com.apple.product-type.tool";
		};
/* End PBXNativeTarget section */

/* Begin PBXProject section */
		795130A620C877D500ACE6E3 /* Project object */ = {
			isa = PBXProject;
			attributes = {
				LastSwiftUpdateCheck = 0930;
				LastUpgradeCheck = 0930;
				ORGANIZATIONNAME = "Isabel MacGinnitie";
				TargetAttributes = {
					795130AD20C877D500ACE6E3 = {
						CreatedOnToolsVersion = 9.3;
					};
				};
			};
			buildConfigurationList = 795130A920C877D500ACE6E3 /* Build configuration list for PBXProject "SAP4real$" */;
			compatibilityVersion = "Xcode 9.3";
			developmentRegion = en;
			hasScannedForEncodings = 0;
			knownRegions = (
				en,
			);
			mainGroup = 795130A520C877D500ACE6E3;
			productRefGroup = 795130AF20C877D500ACE6E3 /* Products */;
			projectDirPath = "";
			projectRoot = "";
			targets = (
				795130AD20C877D500ACE6E3 /* SAP4real$ */,
			);
		};
/* End PBXProject section */

/* Begin PBXSourcesBuildPhase section */
		795130AA20C877D500ACE6E3 /* Sources */ = {
			isa = PBXSourcesBuildPhase;
			buildActionMask = 2147483647;
			files = (
				795130BD20C8786500ACE6E3 /* assembler.swift in Sources */,
				795130C120C89D2900ACE6E3 /* tokenizer.swift in Sources */,
				795130B920C8782000ACE6E3 /* VM.swift in Sources */,
				795130BF20C88A7E00ACE6E3 /* tokenStuff.swift in Sources */,
				79E7765F20CC578400C51F3C /* assemblerStuff.swift in Sources */,
				795130BB20C8783200ACE6E3 /* support.swift in Sources */,
				79B2687A20CEBEFE00052520 /* debugger.swift in Sources */,
				795130B220C877D500ACE6E3 /* main.swift in Sources */,
			);
			runOnlyForDeploymentPostprocessing = 0;
		};
/* End PBXSourcesBuildPhase section */

/* Begin XCBuildConfiguration section */
		795130B320C877D500ACE6E3 /* Debug */ = {
			isa = XCBuildConfiguration;
			buildSettings = {
				ALWAYS_SEARCH_USER_PATHS = NO;
				CLANG_ANALYZER_NONNULL = YES;
				CLANG_ANALYZER_NUMBER_OBJECT_CONVERSION = YES_AGGRESSIVE;
				CLANG_CXX_LANGUAGE_STANDARD = "gnu++14";
				CLANG_CXX_LIBRARY = "libc++";
				CLANG_ENABLE_MODULES = YES;
				CLANG_ENABLE_OBJC_ARC = YES;
				CLANG_ENABLE_OBJC_WEAK = YES;
				CLANG_WARN_BLOCK_CAPTURE_AUTORELEASING = YES;
				CLANG_WARN_BOOL_CONVERSION = YES;
				CLANG_WARN_COMMA = YES;
				CLANG_WARN_CONSTANT_CONVERSION = YES;
				CLANG_WARN_DEPRECATED_OBJC_IMPLEMENTATIONS = YES;
				CLANG_WARN_DIRECT_OBJC_ISA_USAGE = YES_ERROR;
				CLANG_WARN_DOCUMENTATION_COMMENTS = YES;
				CLANG_WARN_EMPTY_BODY = YES;
				CLANG_WARN_ENUM_CONVERSION = YES;
				CLANG_WARN_INFINITE_RECURSION = YES;
				CLANG_WARN_INT_CONVERSION = YES;
				CLANG_WARN_NON_LITERAL_NULL_CONVERSION = YES;
				CLANG_WARN_OBJC_IMPLICIT_RETAIN_SELF = YES;
				CLANG_WARN_OBJC_LITERAL_CONVERSION = YES;
				CLANG_WARN_OBJC_ROOT_CLASS = YES_ERROR;
				CLANG_WARN_RANGE_LOOP_ANALYSIS = YES;
				CLANG_WARN_STRICT_PROTOTYPES = YES;
				CLANG_WARN_SUSPICIOUS_MOVE = YES;
				CLANG_WARN_UNGUARDED_AVAILABILITY = YES_AGGRESSIVE;
				CLANG_WARN_UNREACHABLE_CODE = YES;
				CLANG_WARN__DUPLICATE_METHOD_MATCH = YES;
				CODE_SIGN_IDENTITY = "-";
				COPY_PHASE_STRIP = NO;
				DEBUG_INFORMATION_FORMAT = dwarf;
				ENABLE_STRICT_OBJC_MSGSEND = YES;
				ENABLE_TESTABILITY = YES;
				GCC_C_LANGUAGE_STANDARD = gnu11;
				GCC_DYNAMIC_NO_PIC = NO;
				GCC_NO_COMMON_BLOCKS = YES;
				GCC_OPTIMIZATION_LEVEL = 0;
				GCC_PREPROCESSOR_DEFINITIONS = (
					"DEBUG=1",
					"$(inherited)",
				);
				GCC_WARN_64_TO_32_BIT_CONVERSION = YES;
				GCC_WARN_ABOUT_RETURN_TYPE = YES_ERROR;
				GCC_WARN_UNDECLARED_SELECTOR = YES;
				GCC_WARN_UNINITIALIZED_AUTOS = YES_AGGRESSIVE;
				GCC_WARN_UNUSED_FUNCTION = YES;
				GCC_WARN_UNUSED_VARIABLE = YES;
				MACOSX_DEPLOYMENT_TARGET = 10.13;
				MTL_ENABLE_DEBUG_INFO = YES;
				ONLY_ACTIVE_ARCH = YES;
				SDKROOT = macosx;
				SWIFT_ACTIVE_COMPILATION_CONDITIONS = DEBUG;
				SWIFT_OPTIMIZATION_LEVEL = "-Onone";
			};
			name = Debug;
		};
		795130B420C877D500ACE6E3 /* Release */ = {
			isa = XCBuildConfiguration;
			buildSettings = {
				ALWAYS_SEARCH_USER_PATHS = NO;
				CLANG_ANALYZER_NONNULL = YES;
				CLANG_ANALYZER_NUMBER_OBJECT_CONVERSION = YES_AGGRESSIVE;
				CLANG_CXX_LANGUAGE_STANDARD = "gnu++14";
				CLANG_CXX_LIBRARY = "libc++";
				CLANG_ENABLE_MODULES = YES;
				CLANG_ENABLE_OBJC_ARC = YES;
				CLANG_ENABLE_OBJC_WEAK = YES;
				CLANG_WARN_BLOCK_CAPTURE_AUTORELEASING = YES;
				CLANG_WARN_BOOL_CONVERSION = YES;
				CLANG_WARN_COMMA = YES;
				CLANG_WARN_CONSTANT_CONVERSION = YES;
				CLANG_WARN_DEPRECATED_OBJC_IMPLEMENTATIONS = YES;
				CLANG_WARN_DIRECT_OBJC_ISA_USAGE = YES_ERROR;
				CLANG_WARN_DOCUMENTATION_COMMENTS = YES;
				CLANG_WARN_EMPTY_BODY = YES;
				CLANG_WARN_ENUM_CONVERSION = YES;
				CLANG_WARN_INFINITE_RECURSION = YES;
				CLANG_WARN_INT_CONVERSION = YES;
				CLANG_WARN_NON_LITERAL_NULL_CONVERSION = YES;
				CLANG_WARN_OBJC_IMPLICIT_RETAIN_SELF = YES;
				CLANG_WARN_OBJC_LITERAL_CONVERSION = YES;
				CLANG_WARN_OBJC_ROOT_CLASS = YES_ERROR;
				CLANG_WARN_RANGE_LOOP_ANALYSIS = YES;
				CLANG_WARN_STRICT_PROTOTYPES = YES;
				CLANG_WARN_SUSPICIOUS_MOVE = YES;
				CLANG_WARN_UNGUARDED_AVAILABILITY = YES_AGGRESSIVE;
				CLANG_WARN_UNREACHABLE_CODE = YES;
				CLANG_WARN__DUPLICATE_METHOD_MATCH = YES;
				CODE_SIGN_IDENTITY = "-";
				COPY_PHASE_STRIP = NO;
				DEBUG_INFORMATION_FORMAT = "dwarf-with-dsym";
				ENABLE_NS_ASSERTIONS = NO;
				ENABLE_STRICT_OBJC_MSGSEND = YES;
				GCC_C_LANGUAGE_STANDARD = gnu11;
				GCC_NO_COMMON_BLOCKS = YES;
				GCC_WARN_64_TO_32_BIT_CONVERSION = YES;
				GCC_WARN_ABOUT_RETURN_TYPE = YES_ERROR;
				GCC_WARN_UNDECLARED_SELECTOR = YES;
				GCC_WARN_UNINITIALIZED_AUTOS = YES_AGGRESSIVE;
				GCC_WARN_UNUSED_FUNCTION = YES;
				GCC_WARN_UNUSED_VARIABLE = YES;
				MACOSX_DEPLOYMENT_TARGET = 10.13;
				MTL_ENABLE_DEBUG_INFO = NO;
				SDKROOT = macosx;
				SWIFT_COMPILATION_MODE = wholemodule;
				SWIFT_OPTIMIZATION_LEVEL = "-O";
			};
			name = Release;
		};
		795130B620C877D500ACE6E3 /* Debug */ = {
			isa = XCBuildConfiguration;
			buildSettings = {
				CODE_SIGN_STYLE = Automatic;
				PRODUCT_NAME = "$(TARGET_NAME)";
				SWIFT_VERSION = 4.0;
			};
			name = Debug;
		};
		795130B720C877D500ACE6E3 /* Release */ = {
			isa = XCBuildConfiguration;
			buildSettings = {
				CODE_SIGN_STYLE = Automatic;
				PRODUCT_NAME = "$(TARGET_NAME)";
				SWIFT_VERSION = 4.0;
			};
			name = Release;
		};
/* End XCBuildConfiguration section */

/* Begin XCConfigurationList section */
		795130A920C877D500ACE6E3 /* Build configuration list for PBXProject "SAP4real$" */ = {
			isa = XCConfigurationList;
			buildConfigurations = (
				795130B320C877D500ACE6E3 /* Debug */,
				795130B420C877D500ACE6E3 /* Release */,
			);
			defaultConfigurationIsVisible = 0;
			defaultConfigurationName = Release;
		};
		795130B520C877D500ACE6E3 /* Build configuration list for PBXNativeTarget "SAP4real$" */ = {
			isa = XCConfigurationList;
			buildConfigurations = (
				795130B620C877D500ACE6E3 /* Debug */,
				795130B720C877D500ACE6E3 /* Release */,
			);
			defaultConfigurationIsVisible = 0;
			defaultConfigurationName = Release;
		};
/* End XCConfigurationList section */
	};
	rootObject = 795130A620C877D500ACE6E3 /* Project object */;
}
